
Microsoft Visual Studio Solution File, Format Version 12.00
# Visual Studio Version 17
VisualStudioVersion = 17.13.35931.197 d17.13
MinimumVisualStudioVersion = 10.0.40219.1
Project("{FAE04EC0-301F-11D3-BF4B-00C04F79EFBC}") = "CQRSDemo.Client", "CQRSDemo.Client\CQRSDemo.Client.csproj", "{748AF2FA-3E0F-4C29-99E4-5816B3034C77}"
EndProject
Global
	GlobalSection(SolutionConfigurationPlatforms) = preSolution
		Debug|Any CPU = Debug|Any CPU
		Release|Any CPU = Release|Any CPU
	EndGlobalSection
	GlobalSection(ProjectConfigurationPlatforms) = postSolution
		{748AF2FA-3E0F-4C29-99E4-5816B3034C77}.Debug|Any CPU.ActiveCfg = Debug|Any CPU
		{748AF2FA-3E0F-4C29-99E4-5816B3034C77}.Debug|Any CPU.Build.0 = Debug|Any CPU
		{748AF2FA-3E0F-4C29-99E4-5816B3034C77}.Release|Any CPU.ActiveCfg = Release|Any CPU
		{748AF2FA-3E0F-4C29-99E4-5816B3034C77}.Release|Any CPU.Build.0 = Release|Any CPU
	EndGlobalSection
	GlobalSection(SolutionProperties) = preSolution
		HideSolutionNode = FALSE
	EndGlobalSection
	GlobalSection(ExtensibilityGlobals) = postSolution
		SolutionGuid = {B25EC9C2-7C4D-4BA2-B934-F68A067F7BC5}
	EndGlobalSection
EndGlobal
